
Microsoft Visual Studio Solution File, Format Version 12.00
# Visual Studio 14
VisualStudioVersion = 14.0.25420.1
MinimumVisualStudioVersion = 10.0.40219.1
Project("{D954291E-2A0B-460D-934E-DC6B0785DB48}") = "StartInit", "StartInit\StartInit\StartInit.shproj", "{52418C94-BF0B-47A5-BB87-8082506280B1}"
EndProject
Project("{FAE04EC0-301F-11D3-BF4B-00C04F79EFBC}") = "StartInit.Droid", "StartInit\StartInit.Droid\StartInit.Droid.csproj", "{4ACFD066-C2AC-44A4-AA81-E1EB737FB8CF}"
EndProject
Project("{FAE04EC0-301F-11D3-BF4B-00C04F79EFBC}") = "StartInit.iOS", "StartInit\StartInit.iOS\StartInit.iOS.csproj", "{43B1D672-11DA-455A-9184-2668D34C3565}"
EndProject
Project("{FAE04EC0-301F-11D3-BF4B-00C04F79EFBC}") = "StartInit.WinPhone", "StartInit\StartInit.WinPhone\StartInit.WinPhone.csproj", "{90DD31C8-0FFF-4C94-9778-D2AE424B287A}"
EndProject
Project("{FAE04EC0-301F-11D3-BF4B-00C04F79EFBC}") = "StartInit.UWP", "StartInit\StartInit.UWP\StartInit.UWP.csproj", "{21EF2E78-79A9-440C-9CEC-4749A6D48323}"
EndProject
Project("{FAE04EC0-301F-11D3-BF4B-00C04F79EFBC}") = "StartInit.Windows", "StartInit\StartInit.Windows\StartInit.Windows.csproj", "{69CCB39D-2A92-415C-A785-1DCB184F0319}"
EndProject
Global
	GlobalSection(SharedMSBuildProjectFiles) = preSolution
		StartInit\StartInit\StartInit.projitems*{21ef2e78-79a9-440c-9cec-4749a6d48323}*SharedItemsImports = 4
		StartInit\StartInit\StartInit.projitems*{43b1d672-11da-455a-9184-2668d34c3565}*SharedItemsImports = 4
		StartInit\StartInit\StartInit.projitems*{4acfd066-c2ac-44a4-aa81-e1eb737fb8cf}*SharedItemsImports = 4
		StartInit\StartInit\StartInit.projitems*{52418c94-bf0b-47a5-bb87-8082506280b1}*SharedItemsImports = 13
		StartInit\StartInit\StartInit.projitems*{69ccb39d-2a92-415c-a785-1dcb184f0319}*SharedItemsImports = 4
		StartInit\StartInit\StartInit.projitems*{90dd31c8-0fff-4c94-9778-d2ae424b287a}*SharedItemsImports = 4
	EndGlobalSection
	GlobalSection(SolutionConfigurationPlatforms) = preSolution
		Ad-Hoc|Any CPU = Ad-Hoc|Any CPU
		Ad-Hoc|ARM = Ad-Hoc|ARM
		Ad-Hoc|iPhone = Ad-Hoc|iPhone
		Ad-Hoc|iPhoneSimulator = Ad-Hoc|iPhoneSimulator
		Ad-Hoc|x64 = Ad-Hoc|x64
		Ad-Hoc|x86 = Ad-Hoc|x86
		AppStore|Any CPU = AppStore|Any CPU
		AppStore|ARM = AppStore|ARM
		AppStore|iPhone = AppStore|iPhone
		AppStore|iPhoneSimulator = AppStore|iPhoneSimulator
		AppStore|x64 = AppStore|x64
		AppStore|x86 = AppStore|x86
		Debug|Any CPU = Debug|Any CPU
		Debug|ARM = Debug|ARM
		Debug|iPhone = Debug|iPhone
		Debug|iPhoneSimulator = Debug|iPhoneSimulator
		Debug|x64 = Debug|x64
		Debug|x86 = Debug|x86
		Release|Any CPU = Release|Any CPU
		Release|ARM = Release|ARM
		Release|iPhone = Release|iPhone
		Release|iPhoneSimulator = Release|iPhoneSimulator
		Release|x64 = Release|x64
		Release|x86 = Release|x86
	EndGlobalSection
	GlobalSection(ProjectConfigurationPlatforms) = postSolution
		{4ACFD066-C2AC-44A4-AA81-E1EB737FB8CF}.Ad-Hoc|Any CPU.ActiveCfg = Release|Any CPU
		{4ACFD066-C2AC-44A4-AA81-E1EB737FB8CF}.Ad-Hoc|Any CPU.Build.0 = Release|Any CPU
		{4ACFD066-C2AC-44A4-AA81-E1EB737FB8CF}.Ad-Hoc|Any CPU.Deploy.0 = Release|Any CPU
		{4ACFD066-C2AC-44A4-AA81-E1EB737FB8CF}.Ad-Hoc|ARM.ActiveCfg = Release|Any CPU
		{4ACFD066-C2AC-44A4-AA81-E1EB737FB8CF}.Ad-Hoc|ARM.Build.0 = Release|Any CPU
		{4ACFD066-C2AC-44A4-AA81-E1EB737FB8CF}.Ad-Hoc|ARM.Deploy.0 = Release|Any CPU
		{4ACFD066-C2AC-44A4-AA81-E1EB737FB8CF}.Ad-Hoc|iPhone.ActiveCfg = Release|Any CPU
		{4ACFD066-C2AC-44A4-AA81-E1EB737FB8CF}.Ad-Hoc|iPhone.Build.0 = Release|Any CPU
		{4ACFD066-C2AC-44A4-AA81-E1EB737FB8CF}.Ad-Hoc|iPhone.Deploy.0 = Release|Any CPU
		{4ACFD066-C2AC-44A4-AA81-E1EB737FB8CF}.Ad-Hoc|iPhoneSimulator.ActiveCfg = Release|Any CPU
		{4ACFD066-C2AC-44A4-AA81-E1EB737FB8CF}.Ad-Hoc|iPhoneSimulator.Build.0 = Release|Any CPU
		{4ACFD066-C2AC-44A4-AA81-E1EB737FB8CF}.Ad-Hoc|iPhoneSimulator.Deploy.0 = Release|Any CPU
		{4ACFD066-C2AC-44A4-AA81-E1EB737FB8CF}.Ad-Hoc|x64.ActiveCfg = Release|Any CPU
		{4ACFD066-C2AC-44A4-AA81-E1EB737FB8CF}.Ad-Hoc|x64.Build.0 = Release|Any CPU
		{4ACFD066-C2AC-44A4-AA81-E1EB737FB8CF}.Ad-Hoc|x64.Deploy.0 = Release|Any CPU
		{4ACFD066-C2AC-44A4-AA81-E1EB737FB8CF}.Ad-Hoc|x86.ActiveCfg = Release|Any CPU
		{4ACFD066-C2AC-44A4-AA81-E1EB737FB8CF}.Ad-Hoc|x86.Build.0 = Release|Any CPU
		{4ACFD066-C2AC-44A4-AA81-E1EB737FB8CF}.Ad-Hoc|x86.Deploy.0 = Release|Any CPU
		{4ACFD066-C2AC-44A4-AA81-E1EB737FB8CF}.AppStore|Any CPU.ActiveCfg = Release|Any CPU
		{4ACFD066-C2AC-44A4-AA81-E1EB737FB8CF}.AppStore|Any CPU.Build.0 = Release|Any CPU
		{4ACFD066-C2AC-44A4-AA81-E1EB737FB8CF}.AppStore|Any CPU.Deploy.0 = Release|Any CPU
		{4ACFD066-C2AC-44A4-AA81-E1EB737FB8CF}.AppStore|ARM.ActiveCfg = Release|Any CPU
		{4ACFD066-C2AC-44A4-AA81-E1EB737FB8CF}.AppStore|ARM.Build.0 = Release|Any CPU
		{4ACFD066-C2AC-44A4-AA81-E1EB737FB8CF}.AppStore|ARM.Deploy.0 = Release|Any CPU
		{4ACFD066-C2AC-44A4-AA81-E1EB737FB8CF}.AppStore|iPhone.ActiveCfg = Release|Any CPU
		{4ACFD066-C2AC-44A4-AA81-E1EB737FB8CF}.AppStore|iPhone.Build.0 = Release|Any CPU
		{4ACFD066-C2AC-44A4-AA81-E1EB737FB8CF}.AppStore|iPhone.Deploy.0 = Release|Any CPU
		{4ACFD066-C2AC-44A4-AA81-E1EB737FB8CF}.AppStore|iPhoneSimulator.ActiveCfg = Release|Any CPU
		{4ACFD066-C2AC-44A4-AA81-E1EB737FB8CF}.AppStore|iPhoneSimulator.Build.0 = Release|Any CPU
		{4ACFD066-C2AC-44A4-AA81-E1EB737FB8CF}.AppStore|iPhoneSimulator.Deploy.0 = Release|Any CPU
		{4ACFD066-C2AC-44A4-AA81-E1EB737FB8CF}.AppStore|x64.ActiveCfg = Release|Any CPU
		{4ACFD066-C2AC-44A4-AA81-E1EB737FB8CF}.AppStore|x64.Build.0 = Release|Any CPU
		{4ACFD066-C2AC-44A4-AA81-E1EB737FB8CF}.AppStore|x64.Deploy.0 = Release|Any CPU
		{4ACFD066-C2AC-44A4-AA81-E1EB737FB8CF}.AppStore|x86.ActiveCfg = Release|Any CPU
		{4ACFD066-C2AC-44A4-AA81-E1EB737FB8CF}.AppStore|x86.Build.0 = Release|Any CPU
		{4ACFD066-C2AC-44A4-AA81-E1EB737FB8CF}.AppStore|x86.Deploy.0 = Release|Any CPU
		{4ACFD066-C2AC-44A4-AA81-E1EB737FB8CF}.Debug|Any CPU.ActiveCfg = Debug|Any CPU
		{4ACFD066-C2AC-44A4-AA81-E1EB737FB8CF}.Debug|Any CPU.Build.0 = Debug|Any CPU
		{4ACFD066-C2AC-44A4-AA81-E1EB737FB8CF}.Debug|Any CPU.Deploy.0 = Debug|Any CPU
		{4ACFD066-C2AC-44A4-AA81-E1EB737FB8CF}.Debug|ARM.ActiveCfg = Debug|Any CPU
		{4ACFD066-C2AC-44A4-AA81-E1EB737FB8CF}.Debug|ARM.Build.0 = Debug|Any CPU
		{4ACFD066-C2AC-44A4-AA81-E1EB737FB8CF}.Debug|ARM.Deploy.0 = Debug|Any CPU
		{4ACFD066-C2AC-44A4-AA81-E1EB737FB8CF}.Debug|iPhone.ActiveCfg = Debug|Any CPU
		{4ACFD066-C2AC-44A4-AA81-E1EB737FB8CF}.Debug|iPhone.Build.0 = Debug|Any CPU
		{4ACFD066-C2AC-44A4-AA81-E1EB737FB8CF}.Debug|iPhone.Deploy.0 = Debug|Any CPU
		{4ACFD066-C2AC-44A4-AA81-E1EB737FB8CF}.Debug|iPhoneSimulator.ActiveCfg = Debug|Any CPU
		{4ACFD066-C2AC-44A4-AA81-E1EB737FB8CF}.Debug|iPhoneSimulator.Build.0 = Debug|Any CPU
		{4ACFD066-C2AC-44A4-AA81-E1EB737FB8CF}.Debug|iPhoneSimulator.Deploy.0 = Debug|Any CPU
		{4ACFD066-C2AC-44A4-AA81-E1EB737FB8CF}.Debug|x64.ActiveCfg = Debug|Any CPU
		{4ACFD066-C2AC-44A4-AA81-E1EB737FB8CF}.Debug|x64.Build.0 = Debug|Any CPU
		{4ACFD066-C2AC-44A4-AA81-E1EB737FB8CF}.Debug|x64.Deploy.0 = Debug|Any CPU
		{4ACFD066-C2AC-44A4-AA81-E1EB737FB8CF}.Debug|x86.ActiveCfg = Debug|Any CPU
		{4ACFD066-C2AC-44A4-AA81-E1EB737FB8CF}.Debug|x86.Build.0 = Debug|Any CPU
		{4ACFD066-C2AC-44A4-AA81-E1EB737FB8CF}.Debug|x86.Deploy.0 = Debug|Any CPU
		{4ACFD066-C2AC-44A4-AA81-E1EB737FB8CF}.Release|Any CPU.ActiveCfg = Release|Any CPU
		{4ACFD066-C2AC-44A4-AA81-E1EB737FB8CF}.Release|Any CPU.Build.0 = Release|Any CPU
		{4ACFD066-C2AC-44A4-AA81-E1EB737FB8CF}.Release|Any CPU.Deploy.0 = Release|Any CPU
		{4ACFD066-C2AC-44A4-AA81-E1EB737FB8CF}.Release|ARM.ActiveCfg = Release|Any CPU
		{4ACFD066-C2AC-44A4-AA81-E1EB737FB8CF}.Release|ARM.Build.0 = Release|Any CPU
		{4ACFD066-C2AC-44A4-AA81-E1EB737FB8CF}.Release|ARM.Deploy.0 = Release|Any CPU
		{4ACFD066-C2AC-44A4-AA81-E1EB737FB8CF}.Release|iPhone.ActiveCfg = Release|Any CPU
		{4ACFD066-C2AC-44A4-AA81-E1EB737FB8CF}.Release|iPhone.Build.0 = Release|Any CPU
		{4ACFD066-C2AC-44A4-AA81-E1EB737FB8CF}.Release|iPhone.Deploy.0 = Release|Any CPU
		{4ACFD066-C2AC-44A4-AA81-E1EB737FB8CF}.Release|iPhoneSimulator.ActiveCfg = Release|Any CPU
		{4ACFD066-C2AC-44A4-AA81-E1EB737FB8CF}.Release|iPhoneSimulator.Build.0 = Release|Any CPU
		{4ACFD066-C2AC-44A4-AA81-E1EB737FB8CF}.Release|iPhoneSimulator.Deploy.0 = Release|Any CPU
		{4ACFD066-C2AC-44A4-AA81-E1EB737FB8CF}.Release|x64.ActiveCfg = Release|Any CPU
		{4ACFD066-C2AC-44A4-AA81-E1EB737FB8CF}.Release|x64.Build.0 = Release|Any CPU
		{4ACFD066-C2AC-44A4-AA81-E1EB737FB8CF}.Release|x64.Deploy.0 = Release|Any CPU
		{4ACFD066-C2AC-44A4-AA81-E1EB737FB8CF}.Release|x86.ActiveCfg = Release|Any CPU
		{4ACFD066-C2AC-44A4-AA81-E1EB737FB8CF}.Release|x86.Build.0 = Release|Any CPU
		{4ACFD066-C2AC-44A4-AA81-E1EB737FB8CF}.Release|x86.Deploy.0 = Release|Any CPU
		{43B1D672-11DA-455A-9184-2668D34C3565}.Ad-Hoc|Any CPU.ActiveCfg = Ad-Hoc|iPhone
		{43B1D672-11DA-455A-9184-2668D34C3565}.Ad-Hoc|ARM.ActiveCfg = Ad-Hoc|iPhone
		{43B1D672-11DA-455A-9184-2668D34C3565}.Ad-Hoc|iPhone.ActiveCfg = Ad-Hoc|iPhone
		{43B1D672-11DA-455A-9184-2668D34C3565}.Ad-Hoc|iPhone.Build.0 = Ad-Hoc|iPhone
		{43B1D672-11DA-455A-9184-2668D34C3565}.Ad-Hoc|iPhoneSimulator.ActiveCfg = Ad-Hoc|iPhoneSimulator
		{43B1D672-11DA-455A-9184-2668D34C3565}.Ad-Hoc|iPhoneSimulator.Build.0 = Ad-Hoc|iPhoneSimulator
		{43B1D672-11DA-455A-9184-2668D34C3565}.Ad-Hoc|x64.ActiveCfg = Ad-Hoc|iPhone
		{43B1D672-11DA-455A-9184-2668D34C3565}.Ad-Hoc|x86.ActiveCfg = Ad-Hoc|iPhone
		{43B1D672-11DA-455A-9184-2668D34C3565}.AppStore|Any CPU.ActiveCfg = AppStore|iPhone
		{43B1D672-11DA-455A-9184-2668D34C3565}.AppStore|ARM.ActiveCfg = AppStore|iPhone
		{43B1D672-11DA-455A-9184-2668D34C3565}.AppStore|iPhone.ActiveCfg = AppStore|iPhone
		{43B1D672-11DA-455A-9184-2668D34C3565}.AppStore|iPhone.Build.0 = AppStore|iPhone
		{43B1D672-11DA-455A-9184-2668D34C3565}.AppStore|iPhoneSimulator.ActiveCfg = AppStore|iPhoneSimulator
		{43B1D672-11DA-455A-9184-2668D34C3565}.AppStore|iPhoneSimulator.Build.0 = AppStore|iPhoneSimulator
		{43B1D672-11DA-455A-9184-2668D34C3565}.AppStore|x64.ActiveCfg = AppStore|iPhone
		{43B1D672-11DA-455A-9184-2668D34C3565}.AppStore|x86.ActiveCfg = AppStore|iPhone
		{43B1D672-11DA-455A-9184-2668D34C3565}.Debug|Any CPU.ActiveCfg = Debug|iPhone
		{43B1D672-11DA-455A-9184-2668D34C3565}.Debug|ARM.ActiveCfg = Debug|iPhone
		{43B1D672-11DA-455A-9184-2668D34C3565}.Debug|iPhone.ActiveCfg = Debug|iPhone
		{43B1D672-11DA-455A-9184-2668D34C3565}.Debug|iPhone.Build.0 = Debug|iPhone
		{43B1D672-11DA-455A-9184-2668D34C3565}.Debug|iPhoneSimulator.ActiveCfg = Debug|iPhoneSimulator
		{43B1D672-11DA-455A-9184-2668D34C3565}.Debug|iPhoneSimulator.Build.0 = Debug|iPhoneSimulator
		{43B1D672-11DA-455A-9184-2668D34C3565}.Debug|x64.ActiveCfg = Debug|iPhone
		{43B1D672-11DA-455A-9184-2668D34C3565}.Debug|x86.ActiveCfg = Debug|iPhone
		{43B1D672-11DA-455A-9184-2668D34C3565}.Release|Any CPU.ActiveCfg = Release|iPhone
		{43B1D672-11DA-455A-9184-2668D34C3565}.Release|ARM.ActiveCfg = Release|iPhone
		{43B1D672-11DA-455A-9184-2668D34C3565}.Release|iPhone.ActiveCfg = Release|iPhone
		{43B1D672-11DA-455A-9184-2668D34C3565}.Release|iPhone.Build.0 = Release|iPhone
		{43B1D672-11DA-455A-9184-2668D34C3565}.Release|iPhoneSimulator.ActiveCfg = Release|iPhoneSimulator
		{43B1D672-11DA-455A-9184-2668D34C3565}.Release|iPhoneSimulator.Build.0 = Release|iPhoneSimulator
		{43B1D672-11DA-455A-9184-2668D34C3565}.Release|x64.ActiveCfg = Release|iPhone
		{43B1D672-11DA-455A-9184-2668D34C3565}.Release|x86.ActiveCfg = Release|iPhone
		{90DD31C8-0FFF-4C94-9778-D2AE424B287A}.Ad-Hoc|Any CPU.ActiveCfg = Release|Any CPU
		{90DD31C8-0FFF-4C94-9778-D2AE424B287A}.Ad-Hoc|Any CPU.Build.0 = Release|Any CPU
		{90DD31C8-0FFF-4C94-9778-D2AE424B287A}.Ad-Hoc|Any CPU.Deploy.0 = Release|Any CPU
		{90DD31C8-0FFF-4C94-9778-D2AE424B287A}.Ad-Hoc|ARM.ActiveCfg = Release|ARM
		{90DD31C8-0FFF-4C94-9778-D2AE424B287A}.Ad-Hoc|ARM.Build.0 = Release|ARM
		{90DD31C8-0FFF-4C94-9778-D2AE424B287A}.Ad-Hoc|ARM.Deploy.0 = Release|ARM
		{90DD31C8-0FFF-4C94-9778-D2AE424B287A}.Ad-Hoc|iPhone.ActiveCfg = Release|Any CPU
		{90DD31C8-0FFF-4C94-9778-D2AE424B287A}.Ad-Hoc|iPhone.Build.0 = Release|Any CPU
		{90DD31C8-0FFF-4C94-9778-D2AE424B287A}.Ad-Hoc|iPhone.Deploy.0 = Release|Any CPU
		{90DD31C8-0FFF-4C94-9778-D2AE424B287A}.Ad-Hoc|iPhoneSimulator.ActiveCfg = Release|Any CPU
		{90DD31C8-0FFF-4C94-9778-D2AE424B287A}.Ad-Hoc|iPhoneSimulator.Build.0 = Release|Any CPU
		{90DD31C8-0FFF-4C94-9778-D2AE424B287A}.Ad-Hoc|iPhoneSimulator.Deploy.0 = Release|Any CPU
		{90DD31C8-0FFF-4C94-9778-D2AE424B287A}.Ad-Hoc|x64.ActiveCfg = Release|Any CPU
		{90DD31C8-0FFF-4C94-9778-D2AE424B287A}.Ad-Hoc|x64.Build.0 = Release|Any CPU
		{90DD31C8-0FFF-4C94-9778-D2AE424B287A}.Ad-Hoc|x64.Deploy.0 = Release|Any CPU
		{90DD31C8-0FFF-4C94-9778-D2AE424B287A}.Ad-Hoc|x86.ActiveCfg = Release|x86
		{90DD31C8-0FFF-4C94-9778-D2AE424B287A}.Ad-Hoc|x86.Build.0 = Release|x86
		{90DD31C8-0FFF-4C94-9778-D2AE424B287A}.Ad-Hoc|x86.Deploy.0 = Release|x86
		{90DD31C8-0FFF-4C94-9778-D2AE424B287A}.AppStore|Any CPU.ActiveCfg = Release|Any CPU
		{90DD31C8-0FFF-4C94-9778-D2AE424B287A}.AppStore|Any CPU.Build.0 = Release|Any CPU
		{90DD31C8-0FFF-4C94-9778-D2AE424B287A}.AppStore|Any CPU.Deploy.0 = Release|Any CPU
		{90DD31C8-0FFF-4C94-9778-D2AE424B287A}.AppStore|ARM.ActiveCfg = Release|ARM
		{90DD31C8-0FFF-4C94-9778-D2AE424B287A}.AppStore|ARM.Build.0 = Release|ARM
		{90DD31C8-0FFF-4C94-9778-D2AE424B287A}.AppStore|ARM.Deploy.0 = Release|ARM
		{90DD31C8-0FFF-4C94-9778-D2AE424B287A}.AppStore|iPhone.ActiveCfg = Release|Any CPU
		{90DD31C8-0FFF-4C94-9778-D2AE424B287A}.AppStore|iPhone.Build.0 = Release|Any CPU
		{90DD31C8-0FFF-4C94-9778-D2AE424B287A}.AppStore|iPhone.Deploy.0 = Release|Any CPU
		{90DD31C8-0FFF-4C94-9778-D2AE424B287A}.AppStore|iPhoneSimulator.ActiveCfg = Release|Any CPU
		{90DD31C8-0FFF-4C94-9778-D2AE424B287A}.AppStore|iPhoneSimulator.Build.0 = Release|Any CPU
		{90DD31C8-0FFF-4C94-9778-D2AE424B287A}.AppStore|iPhoneSimulator.Deploy.0 = Release|Any CPU
		{90DD31C8-0FFF-4C94-9778-D2AE424B287A}.AppStore|x64.ActiveCfg = Release|Any CPU
		{90DD31C8-0FFF-4C94-9778-D2AE424B287A}.AppStore|x64.Build.0 = Release|Any CPU
		{90DD31C8-0FFF-4C94-9778-D2AE424B287A}.AppStore|x64.Deploy.0 = Release|Any CPU
		{90DD31C8-0FFF-4C94-9778-D2AE424B287A}.AppStore|x86.ActiveCfg = Release|x86
		{90DD31C8-0FFF-4C94-9778-D2AE424B287A}.AppStore|x86.Build.0 = Release|x86
		{90DD31C8-0FFF-4C94-9778-D2AE424B287A}.AppStore|x86.Deploy.0 = Release|x86
		{90DD31C8-0FFF-4C94-9778-D2AE424B287A}.Debug|Any CPU.ActiveCfg = Debug|Any CPU
		{90DD31C8-0FFF-4C94-9778-D2AE424B287A}.Debug|Any CPU.Build.0 = Debug|Any CPU
		{90DD31C8-0FFF-4C94-9778-D2AE424B287A}.Debug|Any CPU.Deploy.0 = Debug|Any CPU
		{90DD31C8-0FFF-4C94-9778-D2AE424B287A}.Debug|ARM.ActiveCfg = Debug|ARM
		{90DD31C8-0FFF-4C94-9778-D2AE424B287A}.Debug|ARM.Build.0 = Debug|ARM
		{90DD31C8-0FFF-4C94-9778-D2AE424B287A}.Debug|ARM.Deploy.0 = Debug|ARM
		{90DD31C8-0FFF-4C94-9778-D2AE424B287A}.Debug|iPhone.ActiveCfg = Debug|Any CPU
		{90DD31C8-0FFF-4C94-9778-D2AE424B287A}.Debug|iPhone.Build.0 = Debug|Any CPU
		{90DD31C8-0FFF-4C94-9778-D2AE424B287A}.Debug|iPhone.Deploy.0 = Debug|Any CPU
		{90DD31C8-0FFF-4C94-9778-D2AE424B287A}.Debug|iPhoneSimulator.ActiveCfg = Debug|Any CPU
		{90DD31C8-0FFF-4C94-9778-D2AE424B287A}.Debug|iPhoneSimulator.Build.0 = Debug|Any CPU
		{90DD31C8-0FFF-4C94-9778-D2AE424B287A}.Debug|iPhoneSimulator.Deploy.0 = Debug|Any CPU
		{90DD31C8-0FFF-4C94-9778-D2AE424B287A}.Debug|x64.ActiveCfg = Debug|Any CPU
		{90DD31C8-0FFF-4C94-9778-D2AE424B287A}.Debug|x64.Build.0 = Debug|Any CPU
		{90DD31C8-0FFF-4C94-9778-D2AE424B287A}.Debug|x64.Deploy.0 = Debug|Any CPU
		{90DD31C8-0FFF-4C94-9778-D2AE424B287A}.Debug|x86.ActiveCfg = Debug|x86
		{90DD31C8-0FFF-4C94-9778-D2AE424B287A}.Debug|x86.Build.0 = Debug|x86
		{90DD31C8-0FFF-4C94-9778-D2AE424B287A}.Debug|x86.Deploy.0 = Debug|x86
		{90DD31C8-0FFF-4C94-9778-D2AE424B287A}.Release|Any CPU.ActiveCfg = Release|Any CPU
		{90DD31C8-0FFF-4C94-9778-D2AE424B287A}.Release|Any CPU.Build.0 = Release|Any CPU
		{90DD31C8-0FFF-4C94-9778-D2AE424B287A}.Release|Any CPU.Deploy.0 = Release|Any CPU
		{90DD31C8-0FFF-4C94-9778-D2AE424B287A}.Release|ARM.ActiveCfg = Release|ARM
		{90DD31C8-0FFF-4C94-9778-D2AE424B287A}.Release|ARM.Build.0 = Release|ARM
		{90DD31C8-0FFF-4C94-9778-D2AE424B287A}.Release|ARM.Deploy.0 = Release|ARM
		{90DD31C8-0FFF-4C94-9778-D2AE424B287A}.Release|iPhone.ActiveCfg = Release|Any CPU
		{90DD31C8-0FFF-4C94-9778-D2AE424B287A}.Release|iPhone.Build.0 = Release|Any CPU
		{90DD31C8-0FFF-4C94-9778-D2AE424B287A}.Release|iPhone.Deploy.0 = Release|Any CPU
		{90DD31C8-0FFF-4C94-9778-D2AE424B287A}.Release|iPhoneSimulator.ActiveCfg = Release|Any CPU
		{90DD31C8-0FFF-4C94-9778-D2AE424B287A}.Release|iPhoneSimulator.Build.0 = Release|Any CPU
		{90DD31C8-0FFF-4C94-9778-D2AE424B287A}.Release|iPhoneSimulator.Deploy.0 = Release|Any CPU
		{90DD31C8-0FFF-4C94-9778-D2AE424B287A}.Release|x64.ActiveCfg = Release|Any CPU
		{90DD31C8-0FFF-4C94-9778-D2AE424B287A}.Release|x64.Build.0 = Release|Any CPU
		{90DD31C8-0FFF-4C94-9778-D2AE424B287A}.Release|x64.Deploy.0 = Release|Any CPU
		{90DD31C8-0FFF-4C94-9778-D2AE424B287A}.Release|x86.ActiveCfg = Release|x86
		{90DD31C8-0FFF-4C94-9778-D2AE424B287A}.Release|x86.Build.0 = Release|x86
		{90DD31C8-0FFF-4C94-9778-D2AE424B287A}.Release|x86.Deploy.0 = Release|x86
		{21EF2E78-79A9-440C-9CEC-4749A6D48323}.Ad-Hoc|Any CPU.ActiveCfg = Release|x86
		{21EF2E78-79A9-440C-9CEC-4749A6D48323}.Ad-Hoc|Any CPU.Build.0 = Release|x86
		{21EF2E78-79A9-440C-9CEC-4749A6D48323}.Ad-Hoc|Any CPU.Deploy.0 = Release|x86
		{21EF2E78-79A9-440C-9CEC-4749A6D48323}.Ad-Hoc|ARM.ActiveCfg = Release|ARM
		{21EF2E78-79A9-440C-9CEC-4749A6D48323}.Ad-Hoc|ARM.Build.0 = Release|ARM
		{21EF2E78-79A9-440C-9CEC-4749A6D48323}.Ad-Hoc|ARM.Deploy.0 = Release|ARM
		{21EF2E78-79A9-440C-9CEC-4749A6D48323}.Ad-Hoc|iPhone.ActiveCfg = Release|x86
		{21EF2E78-79A9-440C-9CEC-4749A6D48323}.Ad-Hoc|iPhone.Build.0 = Release|x86
		{21EF2E78-79A9-440C-9CEC-4749A6D48323}.Ad-Hoc|iPhone.Deploy.0 = Release|x86
		{21EF2E78-79A9-440C-9CEC-4749A6D48323}.Ad-Hoc|iPhoneSimulator.ActiveCfg = Release|x86
		{21EF2E78-79A9-440C-9CEC-4749A6D48323}.Ad-Hoc|iPhoneSimulator.Build.0 = Release|x86
		{21EF2E78-79A9-440C-9CEC-4749A6D48323}.Ad-Hoc|iPhoneSimulator.Deploy.0 = Release|x86
		{21EF2E78-79A9-440C-9CEC-4749A6D48323}.Ad-Hoc|x64.ActiveCfg = Release|x64
		{21EF2E78-79A9-440C-9CEC-4749A6D48323}.Ad-Hoc|x64.Build.0 = Release|x64
		{21EF2E78-79A9-440C-9CEC-4749A6D48323}.Ad-Hoc|x64.Deploy.0 = Release|x64
		{21EF2E78-79A9-440C-9CEC-4749A6D48323}.Ad-Hoc|x86.ActiveCfg = Release|x86
		{21EF2E78-79A9-440C-9CEC-4749A6D48323}.Ad-Hoc|x86.Build.0 = Release|x86
		{21EF2E78-79A9-440C-9CEC-4749A6D48323}.Ad-Hoc|x86.Deploy.0 = Release|x86
		{21EF2E78-79A9-440C-9CEC-4749A6D48323}.AppStore|Any CPU.ActiveCfg = Release|x86
		{21EF2E78-79A9-440C-9CEC-4749A6D48323}.AppStore|Any CPU.Build.0 = Release|x86
		{21EF2E78-79A9-440C-9CEC-4749A6D48323}.AppStore|Any CPU.Deploy.0 = Release|x86
		{21EF2E78-79A9-440C-9CEC-4749A6D48323}.AppStore|ARM.ActiveCfg = Release|ARM
		{21EF2E78-79A9-440C-9CEC-4749A6D48323}.AppStore|ARM.Build.0 = Release|ARM
		{21EF2E78-79A9-440C-9CEC-4749A6D48323}.AppStore|ARM.Deploy.0 = Release|ARM
		{21EF2E78-79A9-440C-9CEC-4749A6D48323}.AppStore|iPhone.ActiveCfg = Release|x86
		{21EF2E78-79A9-440C-9CEC-4749A6D48323}.AppStore|iPhone.Build.0 = Release|x86
		{21EF2E78-79A9-440C-9CEC-4749A6D48323}.AppStore|iPhone.Deploy.0 = Release|x86
		{21EF2E78-79A9-440C-9CEC-4749A6D48323}.AppStore|iPhoneSimulator.ActiveCfg = Release|x86
		{21EF2E78-79A9-440C-9CEC-4749A6D48323}.AppStore|iPhoneSimulator.Build.0 = Release|x86
		{21EF2E78-79A9-440C-9CEC-4749A6D48323}.AppStore|iPhoneSimulator.Deploy.0 = Release|x86
		{21EF2E78-79A9-440C-9CEC-4749A6D48323}.AppStore|x64.ActiveCfg = Release|x64
		{21EF2E78-79A9-440C-9CEC-4749A6D48323}.AppStore|x64.Build.0 = Release|x64
		{21EF2E78-79A9-440C-9CEC-4749A6D48323}.AppStore|x64.Deploy.0 = Release|x64
		{21EF2E78-79A9-440C-9CEC-4749A6D48323}.AppStore|x86.ActiveCfg = Release|x86
		{21EF2E78-79A9-440C-9CEC-4749A6D48323}.AppStore|x86.Build.0 = Release|x86
		{21EF2E78-79A9-440C-9CEC-4749A6D48323}.AppStore|x86.Deploy.0 = Release|x86
		{21EF2E78-79A9-440C-9CEC-4749A6D48323}.Debug|Any CPU.ActiveCfg = Debug|x86
		{21EF2E78-79A9-440C-9CEC-4749A6D48323}.Debug|ARM.ActiveCfg = Debug|ARM
		{21EF2E78-79A9-440C-9CEC-4749A6D48323}.Debug|ARM.Build.0 = Debug|ARM
		{21EF2E78-79A9-440C-9CEC-4749A6D48323}.Debug|ARM.Deploy.0 = Debug|ARM
		{21EF2E78-79A9-440C-9CEC-4749A6D48323}.Debug|iPhone.ActiveCfg = Debug|x86
		{21EF2E78-79A9-440C-9CEC-4749A6D48323}.Debug|iPhoneSimulator.ActiveCfg = Debug|x86
		{21EF2E78-79A9-440C-9CEC-4749A6D48323}.Debug|x64.ActiveCfg = Debug|x64
		{21EF2E78-79A9-440C-9CEC-4749A6D48323}.Debug|x64.Build.0 = Debug|x64
		{21EF2E78-79A9-440C-9CEC-4749A6D48323}.Debug|x64.Deploy.0 = Debug|x64
		{21EF2E78-79A9-440C-9CEC-4749A6D48323}.Debug|x86.ActiveCfg = Debug|x86
		{21EF2E78-79A9-440C-9CEC-4749A6D48323}.Debug|x86.Build.0 = Debug|x86
		{21EF2E78-79A9-440C-9CEC-4749A6D48323}.Debug|x86.Deploy.0 = Debug|x86
		{21EF2E78-79A9-440C-9CEC-4749A6D48323}.Release|Any CPU.ActiveCfg = Release|x86
		{21EF2E78-79A9-440C-9CEC-4749A6D48323}.Release|ARM.ActiveCfg = Release|ARM
		{21EF2E78-79A9-440C-9CEC-4749A6D48323}.Release|ARM.Build.0 = Release|ARM
		{21EF2E78-79A9-440C-9CEC-4749A6D48323}.Release|ARM.Deploy.0 = Release|ARM
		{21EF2E78-79A9-440C-9CEC-4749A6D48323}.Release|iPhone.ActiveCfg = Release|x86
		{21EF2E78-79A9-440C-9CEC-4749A6D48323}.Release|iPhoneSimulator.ActiveCfg = Release|x86
		{21EF2E78-79A9-440C-9CEC-4749A6D48323}.Release|x64.ActiveCfg = Release|x64
		{21EF2E78-79A9-440C-9CEC-4749A6D48323}.Release|x64.Build.0 = Release|x64
		{21EF2E78-79A9-440C-9CEC-4749A6D48323}.Release|x64.Deploy.0 = Release|x64
		{21EF2E78-79A9-440C-9CEC-4749A6D48323}.Release|x86.ActiveCfg = Release|x86
		{21EF2E78-79A9-440C-9CEC-4749A6D48323}.Release|x86.Build.0 = Release|x86
		{21EF2E78-79A9-440C-9CEC-4749A6D48323}.Release|x86.Deploy.0 = Release|x86
		{69CCB39D-2A92-415C-A785-1DCB184F0319}.Ad-Hoc|Any CPU.ActiveCfg = Release|Any CPU
		{69CCB39D-2A92-415C-A785-1DCB184F0319}.Ad-Hoc|Any CPU.Build.0 = Release|Any CPU
		{69CCB39D-2A92-415C-A785-1DCB184F0319}.Ad-Hoc|Any CPU.Deploy.0 = Release|Any CPU
		{69CCB39D-2A92-415C-A785-1DCB184F0319}.Ad-Hoc|ARM.ActiveCfg = Release|ARM
		{69CCB39D-2A92-415C-A785-1DCB184F0319}.Ad-Hoc|ARM.Build.0 = Release|ARM
		{69CCB39D-2A92-415C-A785-1DCB184F0319}.Ad-Hoc|ARM.Deploy.0 = Release|ARM
		{69CCB39D-2A92-415C-A785-1DCB184F0319}.Ad-Hoc|iPhone.ActiveCfg = Release|Any CPU
		{69CCB39D-2A92-415C-A785-1DCB184F0319}.Ad-Hoc|iPhone.Build.0 = Release|Any CPU
		{69CCB39D-2A92-415C-A785-1DCB184F0319}.Ad-Hoc|iPhone.Deploy.0 = Release|Any CPU
		{69CCB39D-2A92-415C-A785-1DCB184F0319}.Ad-Hoc|iPhoneSimulator.ActiveCfg = Release|Any CPU
		{69CCB39D-2A92-415C-A785-1DCB184F0319}.Ad-Hoc|iPhoneSimulator.Build.0 = Release|Any CPU
		{69CCB39D-2A92-415C-A785-1DCB184F0319}.Ad-Hoc|iPhoneSimulator.Deploy.0 = Release|Any CPU
		{69CCB39D-2A92-415C-A785-1DCB184F0319}.Ad-Hoc|x64.ActiveCfg = Release|x64
		{69CCB39D-2A92-415C-A785-1DCB184F0319}.Ad-Hoc|x64.Build.0 = Release|x64
		{69CCB39D-2A92-415C-A785-1DCB184F0319}.Ad-Hoc|x64.Deploy.0 = Release|x64
		{69CCB39D-2A92-415C-A785-1DCB184F0319}.Ad-Hoc|x86.ActiveCfg = Release|x86
		{69CCB39D-2A92-415C-A785-1DCB184F0319}.Ad-Hoc|x86.Build.0 = Release|x86
		{69CCB39D-2A92-415C-A785-1DCB184F0319}.Ad-Hoc|x86.Deploy.0 = Release|x86
		{69CCB39D-2A92-415C-A785-1DCB184F0319}.AppStore|Any CPU.ActiveCfg = Release|Any CPU
		{69CCB39D-2A92-415C-A785-1DCB184F0319}.AppStore|Any CPU.Build.0 = Release|Any CPU
		{69CCB39D-2A92-415C-A785-1DCB184F0319}.AppStore|Any CPU.Deploy.0 = Release|Any CPU
		{69CCB39D-2A92-415C-A785-1DCB184F0319}.AppStore|ARM.ActiveCfg = Release|ARM
		{69CCB39D-2A92-415C-A785-1DCB184F0319}.AppStore|ARM.Build.0 = Release|ARM
		{69CCB39D-2A92-415C-A785-1DCB184F0319}.AppStore|ARM.Deploy.0 = Release|ARM
		{69CCB39D-2A92-415C-A785-1DCB184F0319}.AppStore|iPhone.ActiveCfg = Release|Any CPU
		{69CCB39D-2A92-415C-A785-1DCB184F0319}.AppStore|iPhone.Build.0 = Release|Any CPU
		{69CCB39D-2A92-415C-A785-1DCB184F0319}.AppStore|iPhone.Deploy.0 = Release|Any CPU
		{69CCB39D-2A92-415C-A785-1DCB184F0319}.AppStore|iPhoneSimulator.ActiveCfg = Release|Any CPU
		{69CCB39D-2A92-415C-A785-1DCB184F0319}.AppStore|iPhoneSimulator.Build.0 = Release|Any CPU
		{69CCB39D-2A92-415C-A785-1DCB184F0319}.AppStore|iPhoneSimulator.Deploy.0 = Release|Any CPU
		{69CCB39D-2A92-415C-A785-1DCB184F0319}.AppStore|x64.ActiveCfg = Release|x64
		{69CCB39D-2A92-415C-A785-1DCB184F0319}.AppStore|x64.Build.0 = Release|x64
		{69CCB39D-2A92-415C-A785-1DCB184F0319}.AppStore|x64.Deploy.0 = Release|x64
		{69CCB39D-2A92-415C-A785-1DCB184F0319}.AppStore|x86.ActiveCfg = Release|x86
		{69CCB39D-2A92-415C-A785-1DCB184F0319}.AppStore|x86.Build.0 = Release|x86
		{69CCB39D-2A92-415C-A785-1DCB184F0319}.AppStore|x86.Deploy.0 = Release|x86
		{69CCB39D-2A92-415C-A785-1DCB184F0319}.Debug|Any CPU.ActiveCfg = Debug|Any CPU
		{69CCB39D-2A92-415C-A785-1DCB184F0319}.Debug|Any CPU.Build.0 = Debug|Any CPU
		{69CCB39D-2A92-415C-A785-1DCB184F0319}.Debug|Any CPU.Deploy.0 = Debug|Any CPU
		{69CCB39D-2A92-415C-A785-1DCB184F0319}.Debug|ARM.ActiveCfg = Debug|ARM
		{69CCB39D-2A92-415C-A785-1DCB184F0319}.Debug|ARM.Build.0 = Debug|ARM
		{69CCB39D-2A92-415C-A785-1DCB184F0319}.Debug|ARM.Deploy.0 = Debug|ARM
		{69CCB39D-2A92-415C-A785-1DCB184F0319}.Debug|iPhone.ActiveCfg = Debug|Any CPU
		{69CCB39D-2A92-415C-A785-1DCB184F0319}.Debug|iPhone.Build.0 = Debug|Any CPU
		{69CCB39D-2A92-415C-A785-1DCB184F0319}.Debug|iPhone.Deploy.0 = Debug|Any CPU
		{69CCB39D-2A92-415C-A785-1DCB184F0319}.Debug|iPhoneSimulator.ActiveCfg = Debug|Any CPU
		{69CCB39D-2A92-415C-A785-1DCB184F0319}.Debug|iPhoneSimulator.Build.0 = Debug|Any CPU
		{69CCB39D-2A92-415C-A785-1DCB184F0319}.Debug|iPhoneSimulator.Deploy.0 = Debug|Any CPU
		{69CCB39D-2A92-415C-A785-1DCB184F0319}.Debug|x64.ActiveCfg = Debug|x64
		{69CCB39D-2A92-415C-A785-1DCB184F0319}.Debug|x64.Build.0 = Debug|x64
		{69CCB39D-2A92-415C-A785-1DCB184F0319}.Debug|x64.Deploy.0 = Debug|x64
		{69CCB39D-2A92-415C-A785-1DCB184F0319}.Debug|x86.ActiveCfg = Debug|x86
		{69CCB39D-2A92-415C-A785-1DCB184F0319}.Debug|x86.Build.0 = Debug|x86
		{69CCB39D-2A92-415C-A785-1DCB184F0319}.Debug|x86.Deploy.0 = Debug|x86
		{69CCB39D-2A92-415C-A785-1DCB184F0319}.Release|Any CPU.ActiveCfg = Release|Any CPU
		{69CCB39D-2A92-415C-A785-1DCB184F0319}.Release|Any CPU.Build.0 = Release|Any CPU
		{69CCB39D-2A92-415C-A785-1DCB184F0319}.Release|Any CPU.Deploy.0 = Release|Any CPU
		{69CCB39D-2A92-415C-A785-1DCB184F0319}.Release|ARM.ActiveCfg = Release|ARM
		{69CCB39D-2A92-415C-A785-1DCB184F0319}.Release|ARM.Build.0 = Release|ARM
		{69CCB39D-2A92-415C-A785-1DCB184F0319}.Release|ARM.Deploy.0 = Release|ARM
		{69CCB39D-2A92-415C-A785-1DCB184F0319}.Release|iPhone.ActiveCfg = Release|Any CPU
		{69CCB39D-2A92-415C-A785-1DCB184F0319}.Release|iPhone.Build.0 = Release|Any CPU
		{69CCB39D-2A92-415C-A785-1DCB184F0319}.Release|iPhone.Deploy.0 = Release|Any CPU
		{69CCB39D-2A92-415C-A785-1DCB184F0319}.Release|iPhoneSimulator.ActiveCfg = Release|Any CPU
		{69CCB39D-2A92-415C-A785-1DCB184F0319}.Release|iPhoneSimulator.Build.0 = Release|Any CPU
		{69CCB39D-2A92-415C-A785-1DCB184F0319}.Release|iPhoneSimulator.Deploy.0 = Release|Any CPU
		{69CCB39D-2A92-415C-A785-1DCB184F0319}.Release|x64.ActiveCfg = Release|x64
		{69CCB39D-2A92-415C-A785-1DCB184F0319}.Release|x64.Build.0 = Release|x64
		{69CCB39D-2A92-415C-A785-1DCB184F0319}.Release|x64.Deploy.0 = Release|x64
		{69CCB39D-2A92-415C-A785-1DCB184F0319}.Release|x86.ActiveCfg = Release|x86
		{69CCB39D-2A92-415C-A785-1DCB184F0319}.Release|x86.Build.0 = Release|x86
		{69CCB39D-2A92-415C-A785-1DCB184F0319}.Release|x86.Deploy.0 = Release|x86
	EndGlobalSection
	GlobalSection(SolutionProperties) = preSolution
		HideSolutionNode = FALSE
	EndGlobalSection
EndGlobal
